
Microsoft Visual Studio Solution File, Format Version 12.00
# Visual Studio Version 17
VisualStudioVersion = 17.11.35327.3
MinimumVisualStudioVersion = 10.0.40219.1
Project("{FAE04EC0-301F-11D3-BF4B-00C04F79EFBC}") = "api-appdesafio100dias", "api-appdesafio100dias\api-appdesafio100dias.csproj", "{0DCFC872-2DBD-4DDA-B16A-D3504B088969}"
EndProject
Global
	GlobalSection(SolutionConfigurationPlatforms) = preSolution
		Debug|Any CPU = Debug|Any CPU
		Release|Any CPU = Release|Any CPU
	EndGlobalSection
	GlobalSection(ProjectConfigurationPlatforms) = postSolution
		{0DCFC872-2DBD-4DDA-B16A-D3504B088969}.Debug|Any CPU.ActiveCfg = Debug|Any CPU
		{0DCFC872-2DBD-4DDA-B16A-D3504B088969}.Debug|Any CPU.Build.0 = Debug|Any CPU
		{0DCFC872-2DBD-4DDA-B16A-D3504B088969}.Release|Any CPU.ActiveCfg = Release|Any CPU
		{0DCFC872-2DBD-4DDA-B16A-D3504B088969}.Release|Any CPU.Build.0 = Release|Any CPU
	EndGlobalSection
	GlobalSection(SolutionProperties) = preSolution
		HideSolutionNode = FALSE
	EndGlobalSection
	GlobalSection(ExtensibilityGlobals) = postSolution
		SolutionGuid = {13446234-8819-481A-A6C5-9ED5BA3160B3}
	EndGlobalSection
EndGlobal
